
Microsoft Visual Studio Solution File, Format Version 12.00
# Visual Studio 15
VisualStudioVersion = 15.0.26124.0
MinimumVisualStudioVersion = 15.0.26124.0
Project("{F2A71F9B-5D33-465A-A702-920D77279786}") = "BerrySethi", "BerrySethi\BerrySethi.fsproj", "{98FCDB55-81A0-4262-A868-B00315B782E2}"
EndProject
Project("{F2A71F9B-5D33-465A-A702-920D77279786}") = "BerrySethi.Tests", "BerrySethi.Tests\BerrySethi.Tests.fsproj", "{4E070D5C-2212-4705-8F4D-A2AE4AC72A20}"
EndProject
Global
	GlobalSection(SolutionConfigurationPlatforms) = preSolution
		Debug|Any CPU = Debug|Any CPU
		Debug|x64 = Debug|x64
		Debug|x86 = Debug|x86
		Release|Any CPU = Release|Any CPU
		Release|x64 = Release|x64
		Release|x86 = Release|x86
	EndGlobalSection
	GlobalSection(SolutionProperties) = preSolution
		HideSolutionNode = FALSE
	EndGlobalSection
	GlobalSection(ProjectConfigurationPlatforms) = postSolution
		{98FCDB55-81A0-4262-A868-B00315B782E2}.Debug|Any CPU.ActiveCfg = Debug|Any CPU
		{98FCDB55-81A0-4262-A868-B00315B782E2}.Debug|Any CPU.Build.0 = Debug|Any CPU
		{98FCDB55-81A0-4262-A868-B00315B782E2}.Debug|x64.ActiveCfg = Debug|Any CPU
		{98FCDB55-81A0-4262-A868-B00315B782E2}.Debug|x64.Build.0 = Debug|Any CPU
		{98FCDB55-81A0-4262-A868-B00315B782E2}.Debug|x86.ActiveCfg = Debug|Any CPU
		{98FCDB55-81A0-4262-A868-B00315B782E2}.Debug|x86.Build.0 = Debug|Any CPU
		{98FCDB55-81A0-4262-A868-B00315B782E2}.Release|Any CPU.ActiveCfg = Release|Any CPU
		{98FCDB55-81A0-4262-A868-B00315B782E2}.Release|Any CPU.Build.0 = Release|Any CPU
		{98FCDB55-81A0-4262-A868-B00315B782E2}.Release|x64.ActiveCfg = Release|Any CPU
		{98FCDB55-81A0-4262-A868-B00315B782E2}.Release|x64.Build.0 = Release|Any CPU
		{98FCDB55-81A0-4262-A868-B00315B782E2}.Release|x86.ActiveCfg = Release|Any CPU
		{98FCDB55-81A0-4262-A868-B00315B782E2}.Release|x86.Build.0 = Release|Any CPU
		{4E070D5C-2212-4705-8F4D-A2AE4AC72A20}.Debug|Any CPU.ActiveCfg = Debug|Any CPU
		{4E070D5C-2212-4705-8F4D-A2AE4AC72A20}.Debug|Any CPU.Build.0 = Debug|Any CPU
		{4E070D5C-2212-4705-8F4D-A2AE4AC72A20}.Debug|x64.ActiveCfg = Debug|Any CPU
		{4E070D5C-2212-4705-8F4D-A2AE4AC72A20}.Debug|x64.Build.0 = Debug|Any CPU
		{4E070D5C-2212-4705-8F4D-A2AE4AC72A20}.Debug|x86.ActiveCfg = Debug|Any CPU
		{4E070D5C-2212-4705-8F4D-A2AE4AC72A20}.Debug|x86.Build.0 = Debug|Any CPU
		{4E070D5C-2212-4705-8F4D-A2AE4AC72A20}.Release|Any CPU.ActiveCfg = Release|Any CPU
		{4E070D5C-2212-4705-8F4D-A2AE4AC72A20}.Release|Any CPU.Build.0 = Release|Any CPU
		{4E070D5C-2212-4705-8F4D-A2AE4AC72A20}.Release|x64.ActiveCfg = Release|Any CPU
		{4E070D5C-2212-4705-8F4D-A2AE4AC72A20}.Release|x64.Build.0 = Release|Any CPU
		{4E070D5C-2212-4705-8F4D-A2AE4AC72A20}.Release|x86.ActiveCfg = Release|Any CPU
		{4E070D5C-2212-4705-8F4D-A2AE4AC72A20}.Release|x86.Build.0 = Release|Any CPU
	EndGlobalSection
EndGlobal
